
Microsoft Visual Studio Solution File, Format Version 12.00
# Visual Studio Version 17
VisualStudioVersion = 17.0.31903.59
MinimumVisualStudioVersion = 10.0.40219.1
Project("{FAE04EC0-301F-11D3-BF4B-00C04F79EFBC}") = "API", "API\API.csproj", "{FA05DEFD-23B6-4A25-9043-0F8FC9D809D0}"
EndProject
Project("{FAE04EC0-301F-11D3-BF4B-00C04F79EFBC}") = "Application", "Application\Application.csproj", "{16E626D3-EA0D-4F25-8600-FE99E189A848}"
EndProject
Project("{FAE04EC0-301F-11D3-BF4B-00C04F79EFBC}") = "Domain", "Domain\Domain.csproj", "{A8D7C4A8-C15C-4B3C-92C3-B3565549631D}"
EndProject
Project("{FAE04EC0-301F-11D3-BF4B-00C04F79EFBC}") = "Persistence", "Persistence\Persistence.csproj", "{B88FC66B-A35F-4E48-8AA2-4B7950863A61}"
EndProject
Project("{FAE04EC0-301F-11D3-BF4B-00C04F79EFBC}") = "Infrastructure", "Infrastructure\Infrastructure.csproj", "{9A57868D-49FF-4C15-9A1E-2CF0F68BF3FA}"
EndProject
Global
	GlobalSection(SolutionConfigurationPlatforms) = preSolution
		Debug|Any CPU = Debug|Any CPU
		Release|Any CPU = Release|Any CPU
	EndGlobalSection
	GlobalSection(SolutionProperties) = preSolution
		HideSolutionNode = FALSE
	EndGlobalSection
	GlobalSection(ProjectConfigurationPlatforms) = postSolution
		{FA05DEFD-23B6-4A25-9043-0F8FC9D809D0}.Debug|Any CPU.ActiveCfg = Debug|Any CPU
		{FA05DEFD-23B6-4A25-9043-0F8FC9D809D0}.Debug|Any CPU.Build.0 = Debug|Any CPU
		{FA05DEFD-23B6-4A25-9043-0F8FC9D809D0}.Release|Any CPU.ActiveCfg = Release|Any CPU
		{FA05DEFD-23B6-4A25-9043-0F8FC9D809D0}.Release|Any CPU.Build.0 = Release|Any CPU
		{16E626D3-EA0D-4F25-8600-FE99E189A848}.Debug|Any CPU.ActiveCfg = Debug|Any CPU
		{16E626D3-EA0D-4F25-8600-FE99E189A848}.Debug|Any CPU.Build.0 = Debug|Any CPU
		{16E626D3-EA0D-4F25-8600-FE99E189A848}.Release|Any CPU.ActiveCfg = Release|Any CPU
		{16E626D3-EA0D-4F25-8600-FE99E189A848}.Release|Any CPU.Build.0 = Release|Any CPU
		{A8D7C4A8-C15C-4B3C-92C3-B3565549631D}.Debug|Any CPU.ActiveCfg = Debug|Any CPU
		{A8D7C4A8-C15C-4B3C-92C3-B3565549631D}.Debug|Any CPU.Build.0 = Debug|Any CPU
		{A8D7C4A8-C15C-4B3C-92C3-B3565549631D}.Release|Any CPU.ActiveCfg = Release|Any CPU
		{A8D7C4A8-C15C-4B3C-92C3-B3565549631D}.Release|Any CPU.Build.0 = Release|Any CPU
		{B88FC66B-A35F-4E48-8AA2-4B7950863A61}.Debug|Any CPU.ActiveCfg = Debug|Any CPU
		{B88FC66B-A35F-4E48-8AA2-4B7950863A61}.Debug|Any CPU.Build.0 = Debug|Any CPU
		{B88FC66B-A35F-4E48-8AA2-4B7950863A61}.Release|Any CPU.ActiveCfg = Release|Any CPU
		{B88FC66B-A35F-4E48-8AA2-4B7950863A61}.Release|Any CPU.Build.0 = Release|Any CPU
		{9A57868D-49FF-4C15-9A1E-2CF0F68BF3FA}.Debug|Any CPU.ActiveCfg = Debug|Any CPU
		{9A57868D-49FF-4C15-9A1E-2CF0F68BF3FA}.Debug|Any CPU.Build.0 = Debug|Any CPU
		{9A57868D-49FF-4C15-9A1E-2CF0F68BF3FA}.Release|Any CPU.ActiveCfg = Release|Any CPU
		{9A57868D-49FF-4C15-9A1E-2CF0F68BF3FA}.Release|Any CPU.Build.0 = Release|Any CPU
	EndGlobalSection
EndGlobal
